
Microsoft Visual Studio Solution File, Format Version 12.00
# Visual Studio Version 17
VisualStudioVersion = 17.5.002.0
MinimumVisualStudioVersion = 10.0.40219.1
Project("{9A19103F-16F7-4668-BE54-9A1E7A4F7556}") = "func-azap-app-durable-ingest", "func-azap-app-durable-ingest.csproj", "{B72BC00F-A349-4D02-A7F7-89B08C549FBF}"
EndProject
Global
	GlobalSection(SolutionConfigurationPlatforms) = preSolution
		Debug|Any CPU = Debug|Any CPU
		Release|Any CPU = Release|Any CPU
	EndGlobalSection
	GlobalSection(ProjectConfigurationPlatforms) = postSolution
		{B72BC00F-A349-4D02-A7F7-89B08C549FBF}.Debug|Any CPU.ActiveCfg = Debug|Any CPU
		{B72BC00F-A349-4D02-A7F7-89B08C549FBF}.Debug|Any CPU.Build.0 = Debug|Any CPU
		{B72BC00F-A349-4D02-A7F7-89B08C549FBF}.Release|Any CPU.ActiveCfg = Release|Any CPU
		{B72BC00F-A349-4D02-A7F7-89B08C549FBF}.Release|Any CPU.Build.0 = Release|Any CPU
	EndGlobalSection
	GlobalSection(SolutionProperties) = preSolution
		HideSolutionNode = FALSE
	EndGlobalSection
	GlobalSection(ExtensibilityGlobals) = postSolution
		SolutionGuid = {662F5C46-AC22-4CEE-817A-1EF683CBBE00}
	EndGlobalSection
EndGlobal
